
Microsoft Visual Studio Solution File, Format Version 12.00
# Visual Studio Version 17
VisualStudioVersion = 17.0.31903.59
MinimumVisualStudioVersion = 10.0.40219.1
Project("{FAE04EC0-301F-11D3-BF4B-00C04F79EFBC}") = "Example-01", "Example-01\Example-01.csproj", "{0A9E8880-718F-4C20-A282-8BEE4BDEE9E9}"
EndProject
Project("{FAE04EC0-301F-11D3-BF4B-00C04F79EFBC}") = "Example-02", "Example-02\Example-02.csproj", "{9D0C637D-96EE-4BE6-AA20-CC7ACF7E67E2}"
EndProject
Project("{FAE04EC0-301F-11D3-BF4B-00C04F79EFBC}") = "Example-03", "Example-03\Example-03.csproj", "{537784E8-628D-42FB-9E1E-252DACC45F5B}"
EndProject
Project("{FAE04EC0-301F-11D3-BF4B-00C04F79EFBC}") = "Example-04", "Example-04\Example-04.csproj", "{7BA106DD-2C66-48C9-82B9-A6F559A3B8E3}"
EndProject
Project("{FAE04EC0-301F-11D3-BF4B-00C04F79EFBC}") = "Example-05", "Example-05\Example-05.csproj", "{0EA1646A-81EC-4018-8E3F-5955CD5D0D68}"
EndProject
Project("{FAE04EC0-301F-11D3-BF4B-00C04F79EFBC}") = "Example-06", "Example-06\Example-06.csproj", "{52FD8C72-9479-410A-B073-8A5643ED09F3}"
EndProject
Project("{FAE04EC0-301F-11D3-BF4B-00C04F79EFBC}") = "Example-07", "Example-07\Example-07.csproj", "{06B076CF-55D7-4EE3-A4E1-9E90D9113588}"
EndProject
Project("{FAE04EC0-301F-11D3-BF4B-00C04F79EFBC}") = "Example-08", "Example-08\Example-08.csproj", "{1D3608E4-94C1-4C41-9A30-14871351F77A}"
EndProject
Project("{FAE04EC0-301F-11D3-BF4B-00C04F79EFBC}") = "Example-09", "Example-09\Example-09.csproj", "{F795CB6A-DBBD-4905-95E6-0DC87D80635A}"
EndProject
Project("{FAE04EC0-301F-11D3-BF4B-00C04F79EFBC}") = "Example-10", "Example-10\Example-10.csproj", "{9473E60A-01C5-4F2B-B789-C459ABB8E045}"
EndProject
Project("{FAE04EC0-301F-11D3-BF4B-00C04F79EFBC}") = "Example-11", "Example-11\Example-11.csproj", "{55B7D041-5F83-4912-8AF2-C52C816F4981}"
EndProject
Project("{FAE04EC0-301F-11D3-BF4B-00C04F79EFBC}") = "Example-12", "Example-12\Example-12.csproj", "{1CEFF341-8E19-4838-A0BA-4D8DDB91A964}"
EndProject
Project("{FAE04EC0-301F-11D3-BF4B-00C04F79EFBC}") = "Example-13", "Example-13\Example-13.csproj", "{63971B42-E8B9-493F-8320-E5A3F276F62A}"
EndProject
Project("{FAE04EC0-301F-11D3-BF4B-00C04F79EFBC}") = "Example-14", "Example-14\Example-14.csproj", "{FE40D012-4607-49AD-8C2B-1F7017CB57B8}"
EndProject
Project("{FAE04EC0-301F-11D3-BF4B-00C04F79EFBC}") = "Example-15", "Example-15\Example-15.csproj", "{71205AEA-A429-46EB-80C7-20FD35918111}"
EndProject
Project("{FAE04EC0-301F-11D3-BF4B-00C04F79EFBC}") = "Example-16", "Example-16\Example-16.csproj", "{A0C45D05-262D-480B-B804-61E23CC8852F}"
EndProject
Project("{FAE04EC0-301F-11D3-BF4B-00C04F79EFBC}") = "Example-17", "Example-17\Example-17.csproj", "{22F636B1-4305-4548-A659-DAD34B2A8167}"
EndProject
Project("{FAE04EC0-301F-11D3-BF4B-00C04F79EFBC}") = "Example-18", "Example-18\Example-18.csproj", "{B7153D5F-C8A9-4A5C-91F8-D784B6B40563}"
EndProject
Global
	GlobalSection(SolutionConfigurationPlatforms) = preSolution
		Debug|Any CPU = Debug|Any CPU
		Release|Any CPU = Release|Any CPU
	EndGlobalSection
	GlobalSection(SolutionProperties) = preSolution
		HideSolutionNode = FALSE
	EndGlobalSection
	GlobalSection(ProjectConfigurationPlatforms) = postSolution
		{0A9E8880-718F-4C20-A282-8BEE4BDEE9E9}.Debug|Any CPU.ActiveCfg = Debug|Any CPU
		{0A9E8880-718F-4C20-A282-8BEE4BDEE9E9}.Debug|Any CPU.Build.0 = Debug|Any CPU
		{0A9E8880-718F-4C20-A282-8BEE4BDEE9E9}.Release|Any CPU.ActiveCfg = Release|Any CPU
		{0A9E8880-718F-4C20-A282-8BEE4BDEE9E9}.Release|Any CPU.Build.0 = Release|Any CPU
		{9D0C637D-96EE-4BE6-AA20-CC7ACF7E67E2}.Debug|Any CPU.ActiveCfg = Debug|Any CPU
		{9D0C637D-96EE-4BE6-AA20-CC7ACF7E67E2}.Debug|Any CPU.Build.0 = Debug|Any CPU
		{9D0C637D-96EE-4BE6-AA20-CC7ACF7E67E2}.Release|Any CPU.ActiveCfg = Release|Any CPU
		{9D0C637D-96EE-4BE6-AA20-CC7ACF7E67E2}.Release|Any CPU.Build.0 = Release|Any CPU
		{537784E8-628D-42FB-9E1E-252DACC45F5B}.Debug|Any CPU.ActiveCfg = Debug|Any CPU
		{537784E8-628D-42FB-9E1E-252DACC45F5B}.Debug|Any CPU.Build.0 = Debug|Any CPU
		{537784E8-628D-42FB-9E1E-252DACC45F5B}.Release|Any CPU.ActiveCfg = Release|Any CPU
		{537784E8-628D-42FB-9E1E-252DACC45F5B}.Release|Any CPU.Build.0 = Release|Any CPU
		{7BA106DD-2C66-48C9-82B9-A6F559A3B8E3}.Debug|Any CPU.ActiveCfg = Debug|Any CPU
		{7BA106DD-2C66-48C9-82B9-A6F559A3B8E3}.Debug|Any CPU.Build.0 = Debug|Any CPU
		{7BA106DD-2C66-48C9-82B9-A6F559A3B8E3}.Release|Any CPU.ActiveCfg = Release|Any CPU
		{7BA106DD-2C66-48C9-82B9-A6F559A3B8E3}.Release|Any CPU.Build.0 = Release|Any CPU
		{0EA1646A-81EC-4018-8E3F-5955CD5D0D68}.Debug|Any CPU.ActiveCfg = Debug|Any CPU
		{0EA1646A-81EC-4018-8E3F-5955CD5D0D68}.Debug|Any CPU.Build.0 = Debug|Any CPU
		{0EA1646A-81EC-4018-8E3F-5955CD5D0D68}.Release|Any CPU.ActiveCfg = Release|Any CPU
		{0EA1646A-81EC-4018-8E3F-5955CD5D0D68}.Release|Any CPU.Build.0 = Release|Any CPU
		{52FD8C72-9479-410A-B073-8A5643ED09F3}.Debug|Any CPU.ActiveCfg = Debug|Any CPU
		{52FD8C72-9479-410A-B073-8A5643ED09F3}.Debug|Any CPU.Build.0 = Debug|Any CPU
		{52FD8C72-9479-410A-B073-8A5643ED09F3}.Release|Any CPU.ActiveCfg = Release|Any CPU
		{52FD8C72-9479-410A-B073-8A5643ED09F3}.Release|Any CPU.Build.0 = Release|Any CPU
		{06B076CF-55D7-4EE3-A4E1-9E90D9113588}.Debug|Any CPU.ActiveCfg = Debug|Any CPU
		{06B076CF-55D7-4EE3-A4E1-9E90D9113588}.Debug|Any CPU.Build.0 = Debug|Any CPU
		{06B076CF-55D7-4EE3-A4E1-9E90D9113588}.Release|Any CPU.ActiveCfg = Release|Any CPU
		{06B076CF-55D7-4EE3-A4E1-9E90D9113588}.Release|Any CPU.Build.0 = Release|Any CPU
		{1D3608E4-94C1-4C41-9A30-14871351F77A}.Debug|Any CPU.ActiveCfg = Debug|Any CPU
		{1D3608E4-94C1-4C41-9A30-14871351F77A}.Debug|Any CPU.Build.0 = Debug|Any CPU
		{1D3608E4-94C1-4C41-9A30-14871351F77A}.Release|Any CPU.ActiveCfg = Release|Any CPU
		{1D3608E4-94C1-4C41-9A30-14871351F77A}.Release|Any CPU.Build.0 = Release|Any CPU
		{F795CB6A-DBBD-4905-95E6-0DC87D80635A}.Debug|Any CPU.ActiveCfg = Debug|Any CPU
		{F795CB6A-DBBD-4905-95E6-0DC87D80635A}.Debug|Any CPU.Build.0 = Debug|Any CPU
		{F795CB6A-DBBD-4905-95E6-0DC87D80635A}.Release|Any CPU.ActiveCfg = Release|Any CPU
		{F795CB6A-DBBD-4905-95E6-0DC87D80635A}.Release|Any CPU.Build.0 = Release|Any CPU
		{9473E60A-01C5-4F2B-B789-C459ABB8E045}.Debug|Any CPU.ActiveCfg = Debug|Any CPU
		{9473E60A-01C5-4F2B-B789-C459ABB8E045}.Debug|Any CPU.Build.0 = Debug|Any CPU
		{9473E60A-01C5-4F2B-B789-C459ABB8E045}.Release|Any CPU.ActiveCfg = Release|Any CPU
		{9473E60A-01C5-4F2B-B789-C459ABB8E045}.Release|Any CPU.Build.0 = Release|Any CPU
		{55B7D041-5F83-4912-8AF2-C52C816F4981}.Debug|Any CPU.ActiveCfg = Debug|Any CPU
		{55B7D041-5F83-4912-8AF2-C52C816F4981}.Debug|Any CPU.Build.0 = Debug|Any CPU
		{55B7D041-5F83-4912-8AF2-C52C816F4981}.Release|Any CPU.ActiveCfg = Release|Any CPU
		{55B7D041-5F83-4912-8AF2-C52C816F4981}.Release|Any CPU.Build.0 = Release|Any CPU
		{1CEFF341-8E19-4838-A0BA-4D8DDB91A964}.Debug|Any CPU.ActiveCfg = Debug|Any CPU
		{1CEFF341-8E19-4838-A0BA-4D8DDB91A964}.Debug|Any CPU.Build.0 = Debug|Any CPU
		{1CEFF341-8E19-4838-A0BA-4D8DDB91A964}.Release|Any CPU.ActiveCfg = Release|Any CPU
		{1CEFF341-8E19-4838-A0BA-4D8DDB91A964}.Release|Any CPU.Build.0 = Release|Any CPU
		{63971B42-E8B9-493F-8320-E5A3F276F62A}.Debug|Any CPU.ActiveCfg = Debug|Any CPU
		{63971B42-E8B9-493F-8320-E5A3F276F62A}.Debug|Any CPU.Build.0 = Debug|Any CPU
		{63971B42-E8B9-493F-8320-E5A3F276F62A}.Release|Any CPU.ActiveCfg = Release|Any CPU
		{63971B42-E8B9-493F-8320-E5A3F276F62A}.Release|Any CPU.Build.0 = Release|Any CPU
		{FE40D012-4607-49AD-8C2B-1F7017CB57B8}.Debug|Any CPU.ActiveCfg = Debug|Any CPU
		{FE40D012-4607-49AD-8C2B-1F7017CB57B8}.Debug|Any CPU.Build.0 = Debug|Any CPU
		{FE40D012-4607-49AD-8C2B-1F7017CB57B8}.Release|Any CPU.ActiveCfg = Release|Any CPU
		{FE40D012-4607-49AD-8C2B-1F7017CB57B8}.Release|Any CPU.Build.0 = Release|Any CPU
		{71205AEA-A429-46EB-80C7-20FD35918111}.Debug|Any CPU.ActiveCfg = Debug|Any CPU
		{71205AEA-A429-46EB-80C7-20FD35918111}.Debug|Any CPU.Build.0 = Debug|Any CPU
		{71205AEA-A429-46EB-80C7-20FD35918111}.Release|Any CPU.ActiveCfg = Release|Any CPU
		{71205AEA-A429-46EB-80C7-20FD35918111}.Release|Any CPU.Build.0 = Release|Any CPU
		{A0C45D05-262D-480B-B804-61E23CC8852F}.Debug|Any CPU.ActiveCfg = Debug|Any CPU
		{A0C45D05-262D-480B-B804-61E23CC8852F}.Debug|Any CPU.Build.0 = Debug|Any CPU
		{A0C45D05-262D-480B-B804-61E23CC8852F}.Release|Any CPU.ActiveCfg = Release|Any CPU
		{A0C45D05-262D-480B-B804-61E23CC8852F}.Release|Any CPU.Build.0 = Release|Any CPU
		{22F636B1-4305-4548-A659-DAD34B2A8167}.Debug|Any CPU.ActiveCfg = Debug|Any CPU
		{22F636B1-4305-4548-A659-DAD34B2A8167}.Debug|Any CPU.Build.0 = Debug|Any CPU
		{22F636B1-4305-4548-A659-DAD34B2A8167}.Release|Any CPU.ActiveCfg = Release|Any CPU
		{22F636B1-4305-4548-A659-DAD34B2A8167}.Release|Any CPU.Build.0 = Release|Any CPU
		{B7153D5F-C8A9-4A5C-91F8-D784B6B40563}.Debug|Any CPU.ActiveCfg = Debug|Any CPU
		{B7153D5F-C8A9-4A5C-91F8-D784B6B40563}.Debug|Any CPU.Build.0 = Debug|Any CPU
		{B7153D5F-C8A9-4A5C-91F8-D784B6B40563}.Release|Any CPU.ActiveCfg = Release|Any CPU
		{B7153D5F-C8A9-4A5C-91F8-D784B6B40563}.Release|Any CPU.Build.0 = Release|Any CPU
	EndGlobalSection
EndGlobal
